
Microsoft Visual Studio Solution File, Format Version 12.00
# Visual Studio 14
VisualStudioVersion = 14.0.25420.1
MinimumVisualStudioVersion = 10.0.40219.1
Project("{FAE04EC0-301F-11D3-BF4B-00C04F79EFBC}") = "BuildCaddy", "BuildCaddy.csproj", "{25CB8175-256C-4D0F-969B-6169006177E6}"
	ProjectSection(ProjectDependencies) = postProject
		{DC4C0A84-751C-4D12-9FC8-5D0D600A32BA} = {DC4C0A84-751C-4D12-9FC8-5D0D600A32BA}
	EndProjectSection
EndProject
Project("{FAE04EC0-301F-11D3-BF4B-00C04F79EFBC}") = "BuildCaddyShared", "..\BuildCaddyShared\BuildCaddyShared.csproj", "{DC4C0A84-751C-4D12-9FC8-5D0D600A32BA}"
EndProject
Project("{FAE04EC0-301F-11D3-BF4B-00C04F79EFBC}") = "BuildCaddySupervisor", "..\BuildCaddySupervisor\BuildCaddySupervisor.csproj", "{326BD227-8B36-4EA9-A787-661CD7A5974E}"
	ProjectSection(ProjectDependencies) = postProject
		{DC4C0A84-751C-4D12-9FC8-5D0D600A32BA} = {DC4C0A84-751C-4D12-9FC8-5D0D600A32BA}
	EndProjectSection
EndProject
Project("{FAE04EC0-301F-11D3-BF4B-00C04F79EFBC}") = "NetworkPlugin", "..\NetworkPlugin\NetworkPlugin.csproj", "{B2E2C160-5DE6-45DA-BC40-906A54278B5C}"
	ProjectSection(ProjectDependencies) = postProject
		{DC4C0A84-751C-4D12-9FC8-5D0D600A32BA} = {DC4C0A84-751C-4D12-9FC8-5D0D600A32BA}
	EndProjectSection
EndProject
Project("{FAE04EC0-301F-11D3-BF4B-00C04F79EFBC}") = "HipchatPlugin", "..\HipchatPlugin\HipchatPlugin.csproj", "{3CC45B3C-CC8F-4C58-BFAB-70D2A46101B5}"
	ProjectSection(ProjectDependencies) = postProject
		{DC4C0A84-751C-4D12-9FC8-5D0D600A32BA} = {DC4C0A84-751C-4D12-9FC8-5D0D600A32BA}
	EndProjectSection
EndProject
Project("{FAE04EC0-301F-11D3-BF4B-00C04F79EFBC}") = "MailNotifierPlugin", "..\MailNotifierPlugin\MailNotifierPlugin.csproj", "{BCD60313-1196-4F96-9D95-F55FC93EF086}"
	ProjectSection(ProjectDependencies) = postProject
		{DC4C0A84-751C-4D12-9FC8-5D0D600A32BA} = {DC4C0A84-751C-4D12-9FC8-5D0D600A32BA}
	EndProjectSection
EndProject
Project("{FAE04EC0-301F-11D3-BF4B-00C04F79EFBC}") = "SVNPlugin", "..\SVNPlugin\SVNPlugin.csproj", "{BF83938A-7879-4B42-9EC8-C3BD9CB80383}"
	ProjectSection(ProjectDependencies) = postProject
		{DC4C0A84-751C-4D12-9FC8-5D0D600A32BA} = {DC4C0A84-751C-4D12-9FC8-5D0D600A32BA}
	EndProjectSection
EndProject
Project("{FAE04EC0-301F-11D3-BF4B-00C04F79EFBC}") = "TestSuite", "..\TestSuite\TestSuite.csproj", "{69D752F1-7EBE-42DD-95FA-59F28BF8154C}"
	ProjectSection(ProjectDependencies) = postProject
		{DC4C0A84-751C-4D12-9FC8-5D0D600A32BA} = {DC4C0A84-751C-4D12-9FC8-5D0D600A32BA}
	EndProjectSection
EndProject
Project("{FAE04EC0-301F-11D3-BF4B-00C04F79EFBC}") = "TimerPlugin", "..\TimerPlugin\TimerPlugin.csproj", "{C4DCF2E7-34F0-4F39-A5A3-0BBEC9AA2958}"
	ProjectSection(ProjectDependencies) = postProject
		{DC4C0A84-751C-4D12-9FC8-5D0D600A32BA} = {DC4C0A84-751C-4D12-9FC8-5D0D600A32BA}
	EndProjectSection
EndProject
Project("{FAE04EC0-301F-11D3-BF4B-00C04F79EFBC}") = "LiteNetPlugin", "..\LiteNetPlugin\LiteNetPlugin.csproj", "{736D43BA-7E39-4B0F-BF28-37062DEDF61B}"
	ProjectSection(ProjectDependencies) = postProject
		{DC4C0A84-751C-4D12-9FC8-5D0D600A32BA} = {DC4C0A84-751C-4D12-9FC8-5D0D600A32BA}
	EndProjectSection
EndProject
Project("{FAE04EC0-301F-11D3-BF4B-00C04F79EFBC}") = "WebStatusPlugin", "..\WebStatusPlugin\WebStatusPlugin.csproj", "{05BFEF7F-B1EC-4446-A6CA-B3BCA511237B}"
	ProjectSection(ProjectDependencies) = postProject
		{DC4C0A84-751C-4D12-9FC8-5D0D600A32BA} = {DC4C0A84-751C-4D12-9FC8-5D0D600A32BA}
	EndProjectSection
EndProject
Project("{FAE04EC0-301F-11D3-BF4B-00C04F79EFBC}") = "CoWorkerPlugin", "..\CoWorkerPlugin\CoWorkerPlugin.csproj", "{05C9070E-79BE-4D7D-AF1A-49D7E2E6B62A}"
	ProjectSection(ProjectDependencies) = postProject
		{DC4C0A84-751C-4D12-9FC8-5D0D600A32BA} = {DC4C0A84-751C-4D12-9FC8-5D0D600A32BA}
	EndProjectSection
EndProject
Global
	GlobalSection(SolutionConfigurationPlatforms) = preSolution
		Debug|Any CPU = Debug|Any CPU
		Release|Any CPU = Release|Any CPU
	EndGlobalSection
	GlobalSection(ProjectConfigurationPlatforms) = postSolution
		{25CB8175-256C-4D0F-969B-6169006177E6}.Debug|Any CPU.ActiveCfg = Debug|Any CPU
		{25CB8175-256C-4D0F-969B-6169006177E6}.Debug|Any CPU.Build.0 = Debug|Any CPU
		{25CB8175-256C-4D0F-969B-6169006177E6}.Release|Any CPU.ActiveCfg = Release|Any CPU
		{25CB8175-256C-4D0F-969B-6169006177E6}.Release|Any CPU.Build.0 = Release|Any CPU
		{DC4C0A84-751C-4D12-9FC8-5D0D600A32BA}.Debug|Any CPU.ActiveCfg = Debug|Any CPU
		{DC4C0A84-751C-4D12-9FC8-5D0D600A32BA}.Debug|Any CPU.Build.0 = Debug|Any CPU
		{DC4C0A84-751C-4D12-9FC8-5D0D600A32BA}.Release|Any CPU.ActiveCfg = Release|Any CPU
		{DC4C0A84-751C-4D12-9FC8-5D0D600A32BA}.Release|Any CPU.Build.0 = Release|Any CPU
		{326BD227-8B36-4EA9-A787-661CD7A5974E}.Debug|Any CPU.ActiveCfg = Debug|Any CPU
		{326BD227-8B36-4EA9-A787-661CD7A5974E}.Debug|Any CPU.Build.0 = Debug|Any CPU
		{326BD227-8B36-4EA9-A787-661CD7A5974E}.Release|Any CPU.ActiveCfg = Release|Any CPU
		{326BD227-8B36-4EA9-A787-661CD7A5974E}.Release|Any CPU.Build.0 = Release|Any CPU
		{B2E2C160-5DE6-45DA-BC40-906A54278B5C}.Debug|Any CPU.ActiveCfg = Debug|Any CPU
		{B2E2C160-5DE6-45DA-BC40-906A54278B5C}.Debug|Any CPU.Build.0 = Debug|Any CPU
		{B2E2C160-5DE6-45DA-BC40-906A54278B5C}.Release|Any CPU.ActiveCfg = Release|Any CPU
		{B2E2C160-5DE6-45DA-BC40-906A54278B5C}.Release|Any CPU.Build.0 = Release|Any CPU
		{3CC45B3C-CC8F-4C58-BFAB-70D2A46101B5}.Debug|Any CPU.ActiveCfg = Debug|Any CPU
		{3CC45B3C-CC8F-4C58-BFAB-70D2A46101B5}.Debug|Any CPU.Build.0 = Debug|Any CPU
		{3CC45B3C-CC8F-4C58-BFAB-70D2A46101B5}.Release|Any CPU.ActiveCfg = Release|Any CPU
		{3CC45B3C-CC8F-4C58-BFAB-70D2A46101B5}.Release|Any CPU.Build.0 = Release|Any CPU
		{BCD60313-1196-4F96-9D95-F55FC93EF086}.Debug|Any CPU.ActiveCfg = Debug|Any CPU
		{BCD60313-1196-4F96-9D95-F55FC93EF086}.Debug|Any CPU.Build.0 = Debug|Any CPU
		{BCD60313-1196-4F96-9D95-F55FC93EF086}.Release|Any CPU.ActiveCfg = Release|Any CPU
		{BCD60313-1196-4F96-9D95-F55FC93EF086}.Release|Any CPU.Build.0 = Release|Any CPU
		{BF83938A-7879-4B42-9EC8-C3BD9CB80383}.Debug|Any CPU.ActiveCfg = Debug|Any CPU
		{BF83938A-7879-4B42-9EC8-C3BD9CB80383}.Debug|Any CPU.Build.0 = Debug|Any CPU
		{BF83938A-7879-4B42-9EC8-C3BD9CB80383}.Release|Any CPU.ActiveCfg = Release|Any CPU
		{BF83938A-7879-4B42-9EC8-C3BD9CB80383}.Release|Any CPU.Build.0 = Release|Any CPU
		{69D752F1-7EBE-42DD-95FA-59F28BF8154C}.Debug|Any CPU.ActiveCfg = Debug|Any CPU
		{69D752F1-7EBE-42DD-95FA-59F28BF8154C}.Debug|Any CPU.Build.0 = Debug|Any CPU
		{69D752F1-7EBE-42DD-95FA-59F28BF8154C}.Release|Any CPU.ActiveCfg = Release|Any CPU
		{69D752F1-7EBE-42DD-95FA-59F28BF8154C}.Release|Any CPU.Build.0 = Release|Any CPU
		{C4DCF2E7-34F0-4F39-A5A3-0BBEC9AA2958}.Debug|Any CPU.ActiveCfg = Debug|Any CPU
		{C4DCF2E7-34F0-4F39-A5A3-0BBEC9AA2958}.Debug|Any CPU.Build.0 = Debug|Any CPU
		{C4DCF2E7-34F0-4F39-A5A3-0BBEC9AA2958}.Release|Any CPU.ActiveCfg = Release|Any CPU
		{C4DCF2E7-34F0-4F39-A5A3-0BBEC9AA2958}.Release|Any CPU.Build.0 = Release|Any CPU
		{736D43BA-7E39-4B0F-BF28-37062DEDF61B}.Debug|Any CPU.ActiveCfg = Debug|Any CPU
		{736D43BA-7E39-4B0F-BF28-37062DEDF61B}.Debug|Any CPU.Build.0 = Debug|Any CPU
		{736D43BA-7E39-4B0F-BF28-37062DEDF61B}.Release|Any CPU.ActiveCfg = Release|Any CPU
		{736D43BA-7E39-4B0F-BF28-37062DEDF61B}.Release|Any CPU.Build.0 = Release|Any CPU
		{05BFEF7F-B1EC-4446-A6CA-B3BCA511237B}.Debug|Any CPU.ActiveCfg = Debug|Any CPU
		{05BFEF7F-B1EC-4446-A6CA-B3BCA511237B}.Debug|Any CPU.Build.0 = Debug|Any CPU
		{05BFEF7F-B1EC-4446-A6CA-B3BCA511237B}.Release|Any CPU.ActiveCfg = Release|Any CPU
		{05BFEF7F-B1EC-4446-A6CA-B3BCA511237B}.Release|Any CPU.Build.0 = Release|Any CPU
		{05C9070E-79BE-4D7D-AF1A-49D7E2E6B62A}.Debug|Any CPU.ActiveCfg = Debug|Any CPU
		{05C9070E-79BE-4D7D-AF1A-49D7E2E6B62A}.Debug|Any CPU.Build.0 = Debug|Any CPU
		{05C9070E-79BE-4D7D-AF1A-49D7E2E6B62A}.Release|Any CPU.ActiveCfg = Release|Any CPU
		{05C9070E-79BE-4D7D-AF1A-49D7E2E6B62A}.Release|Any CPU.Build.0 = Release|Any CPU
	EndGlobalSection
	GlobalSection(SolutionProperties) = preSolution
		HideSolutionNode = FALSE
	EndGlobalSection
EndGlobal
